
Microsoft Visual Studio Solution File, Format Version 12.00
# Visual Studio 14
VisualStudioVersion = 14.0.25123.0
MinimumVisualStudioVersion = 10.0.40219.1
Project("{FAE04EC0-301F-11D3-BF4B-00C04F79EFBC}") = "StockServiceContracts", "StockMarket\StockServiceContracts.csproj", "{FFAE6C8A-95B3-4E29-9A73-5C1E98CB4CF8}"
EndProject
Project("{FAE04EC0-301F-11D3-BF4B-00C04F79EFBC}") = "StockServiceHost", "StockServiceHost\StockServiceHost.csproj", "{A9E00BFA-CF94-403A-B054-B762247F86A1}"
	ProjectSection(ProjectDependencies) = postProject
		{FFAE6C8A-95B3-4E29-9A73-5C1E98CB4CF8} = {FFAE6C8A-95B3-4E29-9A73-5C1E98CB4CF8}
	EndProjectSection
EndProject
Project("{FAE04EC0-301F-11D3-BF4B-00C04F79EFBC}") = "StockServiceClient", "StockServiceClient\StockServiceClient.csproj", "{70D0DB79-61E3-45B2-B92C-D6E316A41BA6}"
EndProject
Project("{FAE04EC0-301F-11D3-BF4B-00C04F79EFBC}") = "StockServiceWebClient", "StockServiceWebClient\StockServiceWebClient.csproj", "{DFE3508C-A3B2-4545-A8AB-57B435A1E2B8}"
EndProject
Global
	GlobalSection(SolutionConfigurationPlatforms) = preSolution
		Debug|Any CPU = Debug|Any CPU
		Release|Any CPU = Release|Any CPU
	EndGlobalSection
	GlobalSection(ProjectConfigurationPlatforms) = postSolution
		{FFAE6C8A-95B3-4E29-9A73-5C1E98CB4CF8}.Debug|Any CPU.ActiveCfg = Debug|Any CPU
		{FFAE6C8A-95B3-4E29-9A73-5C1E98CB4CF8}.Debug|Any CPU.Build.0 = Debug|Any CPU
		{FFAE6C8A-95B3-4E29-9A73-5C1E98CB4CF8}.Release|Any CPU.ActiveCfg = Release|Any CPU
		{FFAE6C8A-95B3-4E29-9A73-5C1E98CB4CF8}.Release|Any CPU.Build.0 = Release|Any CPU
		{A9E00BFA-CF94-403A-B054-B762247F86A1}.Debug|Any CPU.ActiveCfg = Debug|Any CPU
		{A9E00BFA-CF94-403A-B054-B762247F86A1}.Debug|Any CPU.Build.0 = Debug|Any CPU
		{A9E00BFA-CF94-403A-B054-B762247F86A1}.Release|Any CPU.ActiveCfg = Release|Any CPU
		{A9E00BFA-CF94-403A-B054-B762247F86A1}.Release|Any CPU.Build.0 = Release|Any CPU
		{70D0DB79-61E3-45B2-B92C-D6E316A41BA6}.Debug|Any CPU.ActiveCfg = Debug|Any CPU
		{70D0DB79-61E3-45B2-B92C-D6E316A41BA6}.Debug|Any CPU.Build.0 = Debug|Any CPU
		{70D0DB79-61E3-45B2-B92C-D6E316A41BA6}.Release|Any CPU.ActiveCfg = Release|Any CPU
		{70D0DB79-61E3-45B2-B92C-D6E316A41BA6}.Release|Any CPU.Build.0 = Release|Any CPU
		{DFE3508C-A3B2-4545-A8AB-57B435A1E2B8}.Debug|Any CPU.ActiveCfg = Debug|Any CPU
		{DFE3508C-A3B2-4545-A8AB-57B435A1E2B8}.Debug|Any CPU.Build.0 = Debug|Any CPU
		{DFE3508C-A3B2-4545-A8AB-57B435A1E2B8}.Release|Any CPU.ActiveCfg = Release|Any CPU
		{DFE3508C-A3B2-4545-A8AB-57B435A1E2B8}.Release|Any CPU.Build.0 = Release|Any CPU
	EndGlobalSection
	GlobalSection(SolutionProperties) = preSolution
		HideSolutionNode = FALSE
	EndGlobalSection
EndGlobal
